
Microsoft Visual Studio Solution File, Format Version 12.00
# Visual Studio Version 17
VisualStudioVersion = 17.3.32819.101
MinimumVisualStudioVersion = 10.0.40219.1
Project("{9A19103F-16F7-4668-BE54-9A1E7A4F7556}") = "Report", "Report.csproj", "{5F491FD4-537B-4FAE-A190-B43CD58461EE}"
EndProject
Project("{9A19103F-16F7-4668-BE54-9A1E7A4F7556}") = "app", "..\App\app.csproj", "{1BFB6A3F-E9A4-477D-9454-11A21012F697}"
EndProject
Global
	GlobalSection(SolutionConfigurationPlatforms) = preSolution
		Debug|Any CPU = Debug|Any CPU
		Release|Any CPU = Release|Any CPU
	EndGlobalSection
	GlobalSection(ProjectConfigurationPlatforms) = postSolution
		{5F491FD4-537B-4FAE-A190-B43CD58461EE}.Debug|Any CPU.ActiveCfg = Debug|Any CPU
		{5F491FD4-537B-4FAE-A190-B43CD58461EE}.Debug|Any CPU.Build.0 = Debug|Any CPU
		{5F491FD4-537B-4FAE-A190-B43CD58461EE}.Release|Any CPU.ActiveCfg = Release|Any CPU
		{5F491FD4-537B-4FAE-A190-B43CD58461EE}.Release|Any CPU.Build.0 = Release|Any CPU
		{1BFB6A3F-E9A4-477D-9454-11A21012F697}.Debug|Any CPU.ActiveCfg = Debug|Any CPU
		{1BFB6A3F-E9A4-477D-9454-11A21012F697}.Debug|Any CPU.Build.0 = Debug|Any CPU
		{1BFB6A3F-E9A4-477D-9454-11A21012F697}.Release|Any CPU.ActiveCfg = Release|Any CPU
		{1BFB6A3F-E9A4-477D-9454-11A21012F697}.Release|Any CPU.Build.0 = Release|Any CPU
	EndGlobalSection
	GlobalSection(SolutionProperties) = preSolution
		HideSolutionNode = FALSE
	EndGlobalSection
	GlobalSection(ExtensibilityGlobals) = postSolution
		SolutionGuid = {C833A335-BD26-481E-9B38-61B5EBA7975B}
	EndGlobalSection
EndGlobal
